
Microsoft Visual Studio Solution File, Format Version 12.00
# Visual Studio 15
VisualStudioVersion = 15.0.28010.2016
MinimumVisualStudioVersion = 10.0.40219.1
Project("{FAE04EC0-301F-11D3-BF4B-00C04F79EFBC}") = "RepEasyDesktop", "RepEasyDesktop\RepEasyDesktop.csproj", "{13105C41-3B7C-4138-AE4A-6D071853BD5B}"
EndProject
Global
	GlobalSection(SolutionConfigurationPlatforms) = preSolution
		Debug|Any CPU = Debug|Any CPU
		Release|Any CPU = Release|Any CPU
	EndGlobalSection
	GlobalSection(ProjectConfigurationPlatforms) = postSolution
		{13105C41-3B7C-4138-AE4A-6D071853BD5B}.Debug|Any CPU.ActiveCfg = Debug|Any CPU
		{13105C41-3B7C-4138-AE4A-6D071853BD5B}.Debug|Any CPU.Build.0 = Debug|Any CPU
		{13105C41-3B7C-4138-AE4A-6D071853BD5B}.Release|Any CPU.ActiveCfg = Release|Any CPU
		{13105C41-3B7C-4138-AE4A-6D071853BD5B}.Release|Any CPU.Build.0 = Release|Any CPU
	EndGlobalSection
	GlobalSection(SolutionProperties) = preSolution
		HideSolutionNode = FALSE
	EndGlobalSection
	GlobalSection(ExtensibilityGlobals) = postSolution
		SolutionGuid = {F7F72B2E-2C24-41FC-8D6A-A25629B47830}
	EndGlobalSection
EndGlobal
